
Microsoft Visual Studio Solution File, Format Version 12.00
# Visual Studio 14
VisualStudioVersion = 14.0.25123.0
MinimumVisualStudioVersion = 10.0.40219.1
Project("{FAE04EC0-301F-11D3-BF4B-00C04F79EFBC}") = "dok.image.binarization.win", "dok.image.binarization.win\dok.image.binarization.win.csproj", "{413BAFE8-5E1E-4B7D-9215-9C8A182924E3}"
EndProject
Project("{FAE04EC0-301F-11D3-BF4B-00C04F79EFBC}") = "BinarizationTest", "BinarizationTest\BinarizationTest.csproj", "{EA354439-ED64-4A55-B971-6E4AC5885CE8}"
EndProject
Global
	GlobalSection(SolutionConfigurationPlatforms) = preSolution
		Debug|Any CPU = Debug|Any CPU
		Debug|x64 = Debug|x64
		Release|Any CPU = Release|Any CPU
		Release|x64 = Release|x64
	EndGlobalSection
	GlobalSection(ProjectConfigurationPlatforms) = postSolution
		{413BAFE8-5E1E-4B7D-9215-9C8A182924E3}.Debug|Any CPU.ActiveCfg = Debug|Any CPU
		{413BAFE8-5E1E-4B7D-9215-9C8A182924E3}.Debug|Any CPU.Build.0 = Debug|Any CPU
		{413BAFE8-5E1E-4B7D-9215-9C8A182924E3}.Debug|x64.ActiveCfg = Debug|x64
		{413BAFE8-5E1E-4B7D-9215-9C8A182924E3}.Debug|x64.Build.0 = Debug|x64
		{413BAFE8-5E1E-4B7D-9215-9C8A182924E3}.Release|Any CPU.ActiveCfg = Release|Any CPU
		{413BAFE8-5E1E-4B7D-9215-9C8A182924E3}.Release|Any CPU.Build.0 = Release|Any CPU
		{413BAFE8-5E1E-4B7D-9215-9C8A182924E3}.Release|x64.ActiveCfg = Release|x64
		{413BAFE8-5E1E-4B7D-9215-9C8A182924E3}.Release|x64.Build.0 = Release|x64
		{EA354439-ED64-4A55-B971-6E4AC5885CE8}.Debug|Any CPU.ActiveCfg = Debug|Any CPU
		{EA354439-ED64-4A55-B971-6E4AC5885CE8}.Debug|Any CPU.Build.0 = Debug|Any CPU
		{EA354439-ED64-4A55-B971-6E4AC5885CE8}.Debug|x64.ActiveCfg = Debug|x64
		{EA354439-ED64-4A55-B971-6E4AC5885CE8}.Debug|x64.Build.0 = Debug|x64
		{EA354439-ED64-4A55-B971-6E4AC5885CE8}.Release|Any CPU.ActiveCfg = Release|Any CPU
		{EA354439-ED64-4A55-B971-6E4AC5885CE8}.Release|Any CPU.Build.0 = Release|Any CPU
		{EA354439-ED64-4A55-B971-6E4AC5885CE8}.Release|x64.ActiveCfg = Release|x64
		{EA354439-ED64-4A55-B971-6E4AC5885CE8}.Release|x64.Build.0 = Release|x64
	EndGlobalSection
	GlobalSection(SolutionProperties) = preSolution
		HideSolutionNode = FALSE
	EndGlobalSection
EndGlobal
